
Microsoft Visual Studio Solution File, Format Version 12.00
# Visual Studio Version 17
VisualStudioVersion = 17.0.31903.59
MinimumVisualStudioVersion = 10.0.40219.1
Project("{2150E333-8FDC-42A3-9474-1A3956D46DE8}") = "packages", "packages", "{809F86A1-1C4C-B159-0CD4-DF9D33D876CE}"
EndProject
Project("{FAE04EC0-301F-11D3-BF4B-00C04F79EFBC}") = "Goldpath.Abstractions", "packages\Goldpath.Abstractions\Goldpath.Abstractions.csproj", "{4E438BDC-0B4C-4A28-BD1B-932F83D5A107}"
EndProject
Project("{2150E333-8FDC-42A3-9474-1A3956D46DE8}") = "tests", "tests", "{0AB3BF05-4346-4AA6-1389-037BE0695223}"
EndProject
Project("{FAE04EC0-301F-11D3-BF4B-00C04F79EFBC}") = "Goldpath.Abstractions.Tests", "tests\Goldpath.Abstractions.Tests\Goldpath.Abstractions.Tests.csproj", "{A3F2B397-E09D-49D4-AE60-D52D7F84B42F}"
EndProject
Project("{FAE04EC0-301F-11D3-BF4B-00C04F79EFBC}") = "Goldpath.ServiceDefaults", "packages\Goldpath.ServiceDefaults\Goldpath.ServiceDefaults.csproj", "{D03E700D-F534-4528-BAC1-BDF044E61C24}"
EndProject
Project("{FAE04EC0-301F-11D3-BF4B-00C04F79EFBC}") = "Goldpath.ServiceDefaults.Tests", "tests\Goldpath.ServiceDefaults.Tests\Goldpath.ServiceDefaults.Tests.csproj", "{E01162CE-031A-40AA-B37F-CF0814F8A279}"
EndProject
Project("{FAE04EC0-301F-11D3-BF4B-00C04F79EFBC}") = "Goldpath.ApiDefaults", "packages\Goldpath.ApiDefaults\Goldpath.ApiDefaults.csproj", "{662098A2-770E-4836-8B4E-ECB651150EAA}"
EndProject
Project("{FAE04EC0-301F-11D3-BF4B-00C04F79EFBC}") = "Goldpath.ApiDefaults.Tests", "tests\Goldpath.ApiDefaults.Tests\Goldpath.ApiDefaults.Tests.csproj", "{C3271532-556F-4D9C-811E-AFCB741A52FB}"
EndProject
Project("{FAE04EC0-301F-11D3-BF4B-00C04F79EFBC}") = "Goldpath.Data", "packages\Goldpath.Data\Goldpath.Data.csproj", "{C65F066A-C614-4344-B332-74A263EEDAB8}"
EndProject
Project("{FAE04EC0-301F-11D3-BF4B-00C04F79EFBC}") = "Goldpath.Data.Tests", "tests\Goldpath.Data.Tests\Goldpath.Data.Tests.csproj", "{69C8321E-9246-4C4B-BF86-41241D343551}"
EndProject
Project("{2150E333-8FDC-42A3-9474-1A3956D46DE8}") = "benchmarks", "benchmarks", "{66320409-64EC-F7C5-3DEF-65E7510DAAD1}"
EndProject
Project("{FAE04EC0-301F-11D3-BF4B-00C04F79EFBC}") = "Goldpath.Benchmarks", "benchmarks\Goldpath.Benchmarks\Goldpath.Benchmarks.csproj", "{DD7A1869-21EA-474C-AD8A-52A09FE11532}"
EndProject
Project("{FAE04EC0-301F-11D3-BF4B-00C04F79EFBC}") = "Goldpath.Messaging", "packages\Goldpath.Messaging\Goldpath.Messaging.csproj", "{E007A625-604A-4675-ACD2-ECEC84C6D4E3}"
EndProject
Project("{FAE04EC0-301F-11D3-BF4B-00C04F79EFBC}") = "Goldpath.Messaging.Tests", "tests\Goldpath.Messaging.Tests\Goldpath.Messaging.Tests.csproj", "{FEAABE7D-A8C0-4E0C-ACB0-03AF6BFC4AE4}"
EndProject
Project("{2150E333-8FDC-42A3-9474-1A3956D46DE8}") = "analyzers", "analyzers", "{F883AD26-E2D9-0064-49F2-B333EF800629}"
EndProject
Project("{FAE04EC0-301F-11D3-BF4B-00C04F79EFBC}") = "Goldpath.Analyzers", "analyzers\Goldpath.Analyzers\Goldpath.Analyzers.csproj", "{23E306BD-36CB-47A6-B1F2-83F8002EABA4}"
EndProject
Project("{FAE04EC0-301F-11D3-BF4B-00C04F79EFBC}") = "Goldpath.Analyzers.Tests", "tests\Goldpath.Analyzers.Tests\Goldpath.Analyzers.Tests.csproj", "{6D6753B3-99A1-4099-B38A-B05CBE90C31D}"
EndProject
Project("{FAE04EC0-301F-11D3-BF4B-00C04F79EFBC}") = "Goldpath.IntegrationTests", "tests\Goldpath.IntegrationTests\Goldpath.IntegrationTests.csproj", "{5CCE4C4A-B22C-4A7A-8083-3FDE473CF898}"
EndProject
Project("{FAE04EC0-301F-11D3-BF4B-00C04F79EFBC}") = "Goldpath.Idempotency", "packages\Goldpath.Idempotency\Goldpath.Idempotency.csproj", "{C6A80EBE-1A6D-40AC-94A6-2CF6BC45D09A}"
EndProject
Project("{FAE04EC0-301F-11D3-BF4B-00C04F79EFBC}") = "Goldpath.Idempotency.Tests", "tests\Goldpath.Idempotency.Tests\Goldpath.Idempotency.Tests.csproj", "{D3DE9823-47C0-4F42-84F2-FB6196D5A220}"
EndProject
Project("{FAE04EC0-301F-11D3-BF4B-00C04F79EFBC}") = "Goldpath.AuditTrail", "packages\Goldpath.AuditTrail\Goldpath.AuditTrail.csproj", "{24716B59-344F-4680-8E03-62E6811519F7}"
EndProject
Project("{FAE04EC0-301F-11D3-BF4B-00C04F79EFBC}") = "Goldpath.AuditTrail.Tests", "tests\Goldpath.AuditTrail.Tests\Goldpath.AuditTrail.Tests.csproj", "{2935051D-EE1B-4909-A0C8-4574F1B65D6C}"
EndProject
Project("{FAE04EC0-301F-11D3-BF4B-00C04F79EFBC}") = "Goldpath.SoftDelete", "packages\Goldpath.SoftDelete\Goldpath.SoftDelete.csproj", "{61E1971B-46EF-41D1-B158-60A23805D60E}"
EndProject
Project("{FAE04EC0-301F-11D3-BF4B-00C04F79EFBC}") = "Goldpath.SoftDelete.Tests", "tests\Goldpath.SoftDelete.Tests\Goldpath.SoftDelete.Tests.csproj", "{B09827DB-BB44-4398-B78F-E14EEA809CBD}"
EndProject
Project("{FAE04EC0-301F-11D3-BF4B-00C04F79EFBC}") = "Goldpath.DataProtection", "packages\Goldpath.DataProtection\Goldpath.DataProtection.csproj", "{1C98D8C3-171A-40AE-B4ED-268D16746758}"
EndProject
Project("{FAE04EC0-301F-11D3-BF4B-00C04F79EFBC}") = "Goldpath.DataProtection.Tests", "tests\Goldpath.DataProtection.Tests\Goldpath.DataProtection.Tests.csproj", "{1D3BA252-A706-43C1-839C-390AE13F6C28}"
EndProject
Project("{FAE04EC0-301F-11D3-BF4B-00C04F79EFBC}") = "Goldpath.Caching", "packages\Goldpath.Caching\Goldpath.Caching.csproj", "{AF2D4EB4-B64E-4D38-A39B-EBA9B852EEF1}"
EndProject
Project("{FAE04EC0-301F-11D3-BF4B-00C04F79EFBC}") = "Goldpath.Caching.Tests", "tests\Goldpath.Caching.Tests\Goldpath.Caching.Tests.csproj", "{3F9D2809-9332-49CB-AA30-657F012C04D9}"
EndProject
Project("{FAE04EC0-301F-11D3-BF4B-00C04F79EFBC}") = "Goldpath.MultiTenancy", "packages\Goldpath.MultiTenancy\Goldpath.MultiTenancy.csproj", "{C15D8C58-EF8D-4798-86A6-F111303B74F7}"
EndProject
Project("{FAE04EC0-301F-11D3-BF4B-00C04F79EFBC}") = "Goldpath.MultiTenancy.Tests", "tests\Goldpath.MultiTenancy.Tests\Goldpath.MultiTenancy.Tests.csproj", "{CA86A748-5E07-454A-BE9F-8098936E9C0A}"
EndProject
Project("{FAE04EC0-301F-11D3-BF4B-00C04F79EFBC}") = "Goldpath.Locking", "packages\Goldpath.Locking\Goldpath.Locking.csproj", "{00C10A49-62C1-45CD-92CB-3AFBF34D9864}"
EndProject
Project("{FAE04EC0-301F-11D3-BF4B-00C04F79EFBC}") = "Goldpath.Locking.Tests", "tests\Goldpath.Locking.Tests\Goldpath.Locking.Tests.csproj", "{942B071F-4A66-45E3-9722-9999FFD39D74}"
EndProject
Project("{FAE04EC0-301F-11D3-BF4B-00C04F79EFBC}") = "Goldpath.Locking.SqlServer", "packages\Goldpath.Locking.SqlServer\Goldpath.Locking.SqlServer.csproj", "{9398E927-3225-4B4C-833D-5A2ADCF05E6C}"
EndProject
Project("{FAE04EC0-301F-11D3-BF4B-00C04F79EFBC}") = "Goldpath.Auth", "packages\Goldpath.Auth\Goldpath.Auth.csproj", "{660F7708-E304-470A-BE9D-BB9CE1A9FD0F}"
EndProject
Project("{FAE04EC0-301F-11D3-BF4B-00C04F79EFBC}") = "Goldpath.Auth.Tests", "tests\Goldpath.Auth.Tests\Goldpath.Auth.Tests.csproj", "{FA6E5E61-B0CE-48DB-97BC-690134B9823E}"
EndProject
Project("{2150E333-8FDC-42A3-9474-1A3956D46DE8}") = "tools", "tools", "{07C2787E-EAC7-C090-1BA3-A61EC2A24D84}"
EndProject
Project("{FAE04EC0-301F-11D3-BF4B-00C04F79EFBC}") = "Goldpath.Cli", "tools\Goldpath.Cli\Goldpath.Cli.csproj", "{54D3883F-126A-4241-8AF7-9FE95EB22E05}"
EndProject
Project("{FAE04EC0-301F-11D3-BF4B-00C04F79EFBC}") = "Goldpath.Cli.Tests", "tests\Goldpath.Cli.Tests\Goldpath.Cli.Tests.csproj", "{BFB289E7-2C66-4838-95EC-9AA789BA5E4B}"
EndProject
Project("{FAE04EC0-301F-11D3-BF4B-00C04F79EFBC}") = "Goldpath.Jobs", "packages\Goldpath.Jobs\Goldpath.Jobs.csproj", "{22A7F415-D2B7-485F-82C0-7F64F277113D}"
EndProject
Project("{FAE04EC0-301F-11D3-BF4B-00C04F79EFBC}") = "Goldpath.Jobs.Tests", "tests\Goldpath.Jobs.Tests\Goldpath.Jobs.Tests.csproj", "{508953A9-5763-4B46-A013-73F29F0CA085}"
EndProject
Project("{FAE04EC0-301F-11D3-BF4B-00C04F79EFBC}") = "Goldpath.Jobs.TestHost", "tests\Goldpath.Jobs.TestHost\Goldpath.Jobs.TestHost.csproj", "{63001845-F50D-41C9-9226-B1ED2FC0421D}"
EndProject
Project("{FAE04EC0-301F-11D3-BF4B-00C04F79EFBC}") = "Goldpath.Archival", "packages\Goldpath.Archival\Goldpath.Archival.csproj", "{E6823688-EF14-4978-BA2E-DC62B7FB1CB3}"
EndProject
Project("{FAE04EC0-301F-11D3-BF4B-00C04F79EFBC}") = "Goldpath.Archival.Tests", "tests\Goldpath.Archival.Tests\Goldpath.Archival.Tests.csproj", "{D80987F9-BABC-4BA3-9C62-CA8C22248D3B}"
EndProject
Project("{FAE04EC0-301F-11D3-BF4B-00C04F79EFBC}") = "Goldpath.Bulk", "packages\Goldpath.Bulk\Goldpath.Bulk.csproj", "{515E4190-8701-4A9D-80A6-459027068274}"
EndProject
Project("{FAE04EC0-301F-11D3-BF4B-00C04F79EFBC}") = "Goldpath.Bulk.Tests", "tests\Goldpath.Bulk.Tests\Goldpath.Bulk.Tests.csproj", "{AAC00EC2-FF29-4284-9553-FD4E5265C504}"
EndProject
Project("{FAE04EC0-301F-11D3-BF4B-00C04F79EFBC}") = "Goldpath.Notification", "packages\Goldpath.Notification\Goldpath.Notification.csproj", "{6F8874BA-B6A1-4B0A-9E54-4AB2817F8ED5}"
EndProject
Project("{FAE04EC0-301F-11D3-BF4B-00C04F79EFBC}") = "Goldpath.Notification.Tests", "tests\Goldpath.Notification.Tests\Goldpath.Notification.Tests.csproj", "{74BC3CD6-452C-40BB-A225-9D430138979D}"
EndProject
Project("{FAE04EC0-301F-11D3-BF4B-00C04F79EFBC}") = "Goldpath.Campaign", "packages\Goldpath.Campaign\Goldpath.Campaign.csproj", "{64264F48-A69F-48B3-911F-5C3536ECA88F}"
EndProject
Project("{FAE04EC0-301F-11D3-BF4B-00C04F79EFBC}") = "Goldpath.Campaign.Tests", "tests\Goldpath.Campaign.Tests\Goldpath.Campaign.Tests.csproj", "{FF196F5A-D8A4-45D1-9EC8-A4A1EABEBC52}"
EndProject
Global
	GlobalSection(SolutionConfigurationPlatforms) = preSolution
		Debug|Any CPU = Debug|Any CPU
		Debug|x64 = Debug|x64
		Debug|x86 = Debug|x86
		Release|Any CPU = Release|Any CPU
		Release|x64 = Release|x64
		Release|x86 = Release|x86
	EndGlobalSection
	GlobalSection(ProjectConfigurationPlatforms) = postSolution
		{4E438BDC-0B4C-4A28-BD1B-932F83D5A107}.Debug|Any CPU.ActiveCfg = Debug|Any CPU
		{4E438BDC-0B4C-4A28-BD1B-932F83D5A107}.Debug|Any CPU.Build.0 = Debug|Any CPU
		{4E438BDC-0B4C-4A28-BD1B-932F83D5A107}.Debug|x64.ActiveCfg = Debug|Any CPU
		{4E438BDC-0B4C-4A28-BD1B-932F83D5A107}.Debug|x64.Build.0 = Debug|Any CPU
		{4E438BDC-0B4C-4A28-BD1B-932F83D5A107}.Debug|x86.ActiveCfg = Debug|Any CPU
		{4E438BDC-0B4C-4A28-BD1B-932F83D5A107}.Debug|x86.Build.0 = Debug|Any CPU
		{4E438BDC-0B4C-4A28-BD1B-932F83D5A107}.Release|Any CPU.ActiveCfg = Release|Any CPU
		{4E438BDC-0B4C-4A28-BD1B-932F83D5A107}.Release|Any CPU.Build.0 = Release|Any CPU
		{4E438BDC-0B4C-4A28-BD1B-932F83D5A107}.Release|x64.ActiveCfg = Release|Any CPU
		{4E438BDC-0B4C-4A28-BD1B-932F83D5A107}.Release|x64.Build.0 = Release|Any CPU
		{4E438BDC-0B4C-4A28-BD1B-932F83D5A107}.Release|x86.ActiveCfg = Release|Any CPU
		{4E438BDC-0B4C-4A28-BD1B-932F83D5A107}.Release|x86.Build.0 = Release|Any CPU
		{A3F2B397-E09D-49D4-AE60-D52D7F84B42F}.Debug|Any CPU.ActiveCfg = Debug|Any CPU
		{A3F2B397-E09D-49D4-AE60-D52D7F84B42F}.Debug|Any CPU.Build.0 = Debug|Any CPU
		{A3F2B397-E09D-49D4-AE60-D52D7F84B42F}.Debug|x64.ActiveCfg = Debug|Any CPU
		{A3F2B397-E09D-49D4-AE60-D52D7F84B42F}.Debug|x64.Build.0 = Debug|Any CPU
		{A3F2B397-E09D-49D4-AE60-D52D7F84B42F}.Debug|x86.ActiveCfg = Debug|Any CPU
		{A3F2B397-E09D-49D4-AE60-D52D7F84B42F}.Debug|x86.Build.0 = Debug|Any CPU
		{A3F2B397-E09D-49D4-AE60-D52D7F84B42F}.Release|Any CPU.ActiveCfg = Release|Any CPU
		{A3F2B397-E09D-49D4-AE60-D52D7F84B42F}.Release|Any CPU.Build.0 = Release|Any CPU
		{A3F2B397-E09D-49D4-AE60-D52D7F84B42F}.Release|x64.ActiveCfg = Release|Any CPU
		{A3F2B397-E09D-49D4-AE60-D52D7F84B42F}.Release|x64.Build.0 = Release|Any CPU
		{A3F2B397-E09D-49D4-AE60-D52D7F84B42F}.Release|x86.ActiveCfg = Release|Any CPU
		{A3F2B397-E09D-49D4-AE60-D52D7F84B42F}.Release|x86.Build.0 = Release|Any CPU
		{D03E700D-F534-4528-BAC1-BDF044E61C24}.Debug|Any CPU.ActiveCfg = Debug|Any CPU
		{D03E700D-F534-4528-BAC1-BDF044E61C24}.Debug|Any CPU.Build.0 = Debug|Any CPU
		{D03E700D-F534-4528-BAC1-BDF044E61C24}.Debug|x64.ActiveCfg = Debug|Any CPU
		{D03E700D-F534-4528-BAC1-BDF044E61C24}.Debug|x64.Build.0 = Debug|Any CPU
		{D03E700D-F534-4528-BAC1-BDF044E61C24}.Debug|x86.ActiveCfg = Debug|Any CPU
		{D03E700D-F534-4528-BAC1-BDF044E61C24}.Debug|x86.Build.0 = Debug|Any CPU
		{D03E700D-F534-4528-BAC1-BDF044E61C24}.Release|Any CPU.ActiveCfg = Release|Any CPU
		{D03E700D-F534-4528-BAC1-BDF044E61C24}.Release|Any CPU.Build.0 = Release|Any CPU
		{D03E700D-F534-4528-BAC1-BDF044E61C24}.Release|x64.ActiveCfg = Release|Any CPU
		{D03E700D-F534-4528-BAC1-BDF044E61C24}.Release|x64.Build.0 = Release|Any CPU
		{D03E700D-F534-4528-BAC1-BDF044E61C24}.Release|x86.ActiveCfg = Release|Any CPU
		{D03E700D-F534-4528-BAC1-BDF044E61C24}.Release|x86.Build.0 = Release|Any CPU
		{E01162CE-031A-40AA-B37F-CF0814F8A279}.Debug|Any CPU.ActiveCfg = Debug|Any CPU
		{E01162CE-031A-40AA-B37F-CF0814F8A279}.Debug|Any CPU.Build.0 = Debug|Any CPU
		{E01162CE-031A-40AA-B37F-CF0814F8A279}.Debug|x64.ActiveCfg = Debug|Any CPU
		{E01162CE-031A-40AA-B37F-CF0814F8A279}.Debug|x64.Build.0 = Debug|Any CPU
		{E01162CE-031A-40AA-B37F-CF0814F8A279}.Debug|x86.ActiveCfg = Debug|Any CPU
		{E01162CE-031A-40AA-B37F-CF0814F8A279}.Debug|x86.Build.0 = Debug|Any CPU
		{E01162CE-031A-40AA-B37F-CF0814F8A279}.Release|Any CPU.ActiveCfg = Release|Any CPU
		{E01162CE-031A-40AA-B37F-CF0814F8A279}.Release|Any CPU.Build.0 = Release|Any CPU
		{E01162CE-031A-40AA-B37F-CF0814F8A279}.Release|x64.ActiveCfg = Release|Any CPU
		{E01162CE-031A-40AA-B37F-CF0814F8A279}.Release|x64.Build.0 = Release|Any CPU
		{E01162CE-031A-40AA-B37F-CF0814F8A279}.Release|x86.ActiveCfg = Release|Any CPU
		{E01162CE-031A-40AA-B37F-CF0814F8A279}.Release|x86.Build.0 = Release|Any CPU
		{662098A2-770E-4836-8B4E-ECB651150EAA}.Debug|Any CPU.ActiveCfg = Debug|Any CPU
		{662098A2-770E-4836-8B4E-ECB651150EAA}.Debug|Any CPU.Build.0 = Debug|Any CPU
		{662098A2-770E-4836-8B4E-ECB651150EAA}.Debug|x64.ActiveCfg = Debug|Any CPU
		{662098A2-770E-4836-8B4E-ECB651150EAA}.Debug|x64.Build.0 = Debug|Any CPU
		{662098A2-770E-4836-8B4E-ECB651150EAA}.Debug|x86.ActiveCfg = Debug|Any CPU
		{662098A2-770E-4836-8B4E-ECB651150EAA}.Debug|x86.Build.0 = Debug|Any CPU
		{662098A2-770E-4836-8B4E-ECB651150EAA}.Release|Any CPU.ActiveCfg = Release|Any CPU
		{662098A2-770E-4836-8B4E-ECB651150EAA}.Release|Any CPU.Build.0 = Release|Any CPU
		{662098A2-770E-4836-8B4E-ECB651150EAA}.Release|x64.ActiveCfg = Release|Any CPU
		{662098A2-770E-4836-8B4E-ECB651150EAA}.Release|x64.Build.0 = Release|Any CPU
		{662098A2-770E-4836-8B4E-ECB651150EAA}.Release|x86.ActiveCfg = Release|Any CPU
		{662098A2-770E-4836-8B4E-ECB651150EAA}.Release|x86.Build.0 = Release|Any CPU
		{C3271532-556F-4D9C-811E-AFCB741A52FB}.Debug|Any CPU.ActiveCfg = Debug|Any CPU
		{C3271532-556F-4D9C-811E-AFCB741A52FB}.Debug|Any CPU.Build.0 = Debug|Any CPU
		{C3271532-556F-4D9C-811E-AFCB741A52FB}.Debug|x64.ActiveCfg = Debug|Any CPU
		{C3271532-556F-4D9C-811E-AFCB741A52FB}.Debug|x64.Build.0 = Debug|Any CPU
		{C3271532-556F-4D9C-811E-AFCB741A52FB}.Debug|x86.ActiveCfg = Debug|Any CPU
		{C3271532-556F-4D9C-811E-AFCB741A52FB}.Debug|x86.Build.0 = Debug|Any CPU
		{C3271532-556F-4D9C-811E-AFCB741A52FB}.Release|Any CPU.ActiveCfg = Release|Any CPU
		{C3271532-556F-4D9C-811E-AFCB741A52FB}.Release|Any CPU.Build.0 = Release|Any CPU
		{C3271532-556F-4D9C-811E-AFCB741A52FB}.Release|x64.ActiveCfg = Release|Any CPU
		{C3271532-556F-4D9C-811E-AFCB741A52FB}.Release|x64.Build.0 = Release|Any CPU
		{C3271532-556F-4D9C-811E-AFCB741A52FB}.Release|x86.ActiveCfg = Release|Any CPU
		{C3271532-556F-4D9C-811E-AFCB741A52FB}.Release|x86.Build.0 = Release|Any CPU
		{C65F066A-C614-4344-B332-74A263EEDAB8}.Debug|Any CPU.ActiveCfg = Debug|Any CPU
		{C65F066A-C614-4344-B332-74A263EEDAB8}.Debug|Any CPU.Build.0 = Debug|Any CPU
		{C65F066A-C614-4344-B332-74A263EEDAB8}.Debug|x64.ActiveCfg = Debug|Any CPU
		{C65F066A-C614-4344-B332-74A263EEDAB8}.Debug|x64.Build.0 = Debug|Any CPU
		{C65F066A-C614-4344-B332-74A263EEDAB8}.Debug|x86.ActiveCfg = Debug|Any CPU
		{C65F066A-C614-4344-B332-74A263EEDAB8}.Debug|x86.Build.0 = Debug|Any CPU
		{C65F066A-C614-4344-B332-74A263EEDAB8}.Release|Any CPU.ActiveCfg = Release|Any CPU
		{C65F066A-C614-4344-B332-74A263EEDAB8}.Release|Any CPU.Build.0 = Release|Any CPU
		{C65F066A-C614-4344-B332-74A263EEDAB8}.Release|x64.ActiveCfg = Release|Any CPU
		{C65F066A-C614-4344-B332-74A263EEDAB8}.Release|x64.Build.0 = Release|Any CPU
		{C65F066A-C614-4344-B332-74A263EEDAB8}.Release|x86.ActiveCfg = Release|Any CPU
		{C65F066A-C614-4344-B332-74A263EEDAB8}.Release|x86.Build.0 = Release|Any CPU
		{69C8321E-9246-4C4B-BF86-41241D343551}.Debug|Any CPU.ActiveCfg = Debug|Any CPU
		{69C8321E-9246-4C4B-BF86-41241D343551}.Debug|Any CPU.Build.0 = Debug|Any CPU
		{69C8321E-9246-4C4B-BF86-41241D343551}.Debug|x64.ActiveCfg = Debug|Any CPU
		{69C8321E-9246-4C4B-BF86-41241D343551}.Debug|x64.Build.0 = Debug|Any CPU
		{69C8321E-9246-4C4B-BF86-41241D343551}.Debug|x86.ActiveCfg = Debug|Any CPU
		{69C8321E-9246-4C4B-BF86-41241D343551}.Debug|x86.Build.0 = Debug|Any CPU
		{69C8321E-9246-4C4B-BF86-41241D343551}.Release|Any CPU.ActiveCfg = Release|Any CPU
		{69C8321E-9246-4C4B-BF86-41241D343551}.Release|Any CPU.Build.0 = Release|Any CPU
		{69C8321E-9246-4C4B-BF86-41241D343551}.Release|x64.ActiveCfg = Release|Any CPU
		{69C8321E-9246-4C4B-BF86-41241D343551}.Release|x64.Build.0 = Release|Any CPU
		{69C8321E-9246-4C4B-BF86-41241D343551}.Release|x86.ActiveCfg = Release|Any CPU
		{69C8321E-9246-4C4B-BF86-41241D343551}.Release|x86.Build.0 = Release|Any CPU
		{DD7A1869-21EA-474C-AD8A-52A09FE11532}.Debug|Any CPU.ActiveCfg = Debug|Any CPU
		{DD7A1869-21EA-474C-AD8A-52A09FE11532}.Debug|Any CPU.Build.0 = Debug|Any CPU
		{DD7A1869-21EA-474C-AD8A-52A09FE11532}.Debug|x64.ActiveCfg = Debug|Any CPU
		{DD7A1869-21EA-474C-AD8A-52A09FE11532}.Debug|x64.Build.0 = Debug|Any CPU
		{DD7A1869-21EA-474C-AD8A-52A09FE11532}.Debug|x86.ActiveCfg = Debug|Any CPU
		{DD7A1869-21EA-474C-AD8A-52A09FE11532}.Debug|x86.Build.0 = Debug|Any CPU
		{DD7A1869-21EA-474C-AD8A-52A09FE11532}.Release|Any CPU.ActiveCfg = Release|Any CPU
		{DD7A1869-21EA-474C-AD8A-52A09FE11532}.Release|Any CPU.Build.0 = Release|Any CPU
		{DD7A1869-21EA-474C-AD8A-52A09FE11532}.Release|x64.ActiveCfg = Release|Any CPU
		{DD7A1869-21EA-474C-AD8A-52A09FE11532}.Release|x64.Build.0 = Release|Any CPU
		{DD7A1869-21EA-474C-AD8A-52A09FE11532}.Release|x86.ActiveCfg = Release|Any CPU
		{DD7A1869-21EA-474C-AD8A-52A09FE11532}.Release|x86.Build.0 = Release|Any CPU
		{E007A625-604A-4675-ACD2-ECEC84C6D4E3}.Debug|Any CPU.ActiveCfg = Debug|Any CPU
		{E007A625-604A-4675-ACD2-ECEC84C6D4E3}.Debug|Any CPU.Build.0 = Debug|Any CPU
		{E007A625-604A-4675-ACD2-ECEC84C6D4E3}.Debug|x64.ActiveCfg = Debug|Any CPU
		{E007A625-604A-4675-ACD2-ECEC84C6D4E3}.Debug|x64.Build.0 = Debug|Any CPU
		{E007A625-604A-4675-ACD2-ECEC84C6D4E3}.Debug|x86.ActiveCfg = Debug|Any CPU
		{E007A625-604A-4675-ACD2-ECEC84C6D4E3}.Debug|x86.Build.0 = Debug|Any CPU
		{E007A625-604A-4675-ACD2-ECEC84C6D4E3}.Release|Any CPU.ActiveCfg = Release|Any CPU
		{E007A625-604A-4675-ACD2-ECEC84C6D4E3}.Release|Any CPU.Build.0 = Release|Any CPU
		{E007A625-604A-4675-ACD2-ECEC84C6D4E3}.Release|x64.ActiveCfg = Release|Any CPU
		{E007A625-604A-4675-ACD2-ECEC84C6D4E3}.Release|x64.Build.0 = Release|Any CPU
		{E007A625-604A-4675-ACD2-ECEC84C6D4E3}.Release|x86.ActiveCfg = Release|Any CPU
		{E007A625-604A-4675-ACD2-ECEC84C6D4E3}.Release|x86.Build.0 = Release|Any CPU
		{FEAABE7D-A8C0-4E0C-ACB0-03AF6BFC4AE4}.Debug|Any CPU.ActiveCfg = Debug|Any CPU
		{FEAABE7D-A8C0-4E0C-ACB0-03AF6BFC4AE4}.Debug|Any CPU.Build.0 = Debug|Any CPU
		{FEAABE7D-A8C0-4E0C-ACB0-03AF6BFC4AE4}.Debug|x64.ActiveCfg = Debug|Any CPU
		{FEAABE7D-A8C0-4E0C-ACB0-03AF6BFC4AE4}.Debug|x64.Build.0 = Debug|Any CPU
		{FEAABE7D-A8C0-4E0C-ACB0-03AF6BFC4AE4}.Debug|x86.ActiveCfg = Debug|Any CPU
		{FEAABE7D-A8C0-4E0C-ACB0-03AF6BFC4AE4}.Debug|x86.Build.0 = Debug|Any CPU
		{FEAABE7D-A8C0-4E0C-ACB0-03AF6BFC4AE4}.Release|Any CPU.ActiveCfg = Release|Any CPU
		{FEAABE7D-A8C0-4E0C-ACB0-03AF6BFC4AE4}.Release|Any CPU.Build.0 = Release|Any CPU
		{FEAABE7D-A8C0-4E0C-ACB0-03AF6BFC4AE4}.Release|x64.ActiveCfg = Release|Any CPU
		{FEAABE7D-A8C0-4E0C-ACB0-03AF6BFC4AE4}.Release|x64.Build.0 = Release|Any CPU
		{FEAABE7D-A8C0-4E0C-ACB0-03AF6BFC4AE4}.Release|x86.ActiveCfg = Release|Any CPU
		{FEAABE7D-A8C0-4E0C-ACB0-03AF6BFC4AE4}.Release|x86.Build.0 = Release|Any CPU
		{23E306BD-36CB-47A6-B1F2-83F8002EABA4}.Debug|Any CPU.ActiveCfg = Debug|Any CPU
		{23E306BD-36CB-47A6-B1F2-83F8002EABA4}.Debug|Any CPU.Build.0 = Debug|Any CPU
		{23E306BD-36CB-47A6-B1F2-83F8002EABA4}.Debug|x64.ActiveCfg = Debug|Any CPU
		{23E306BD-36CB-47A6-B1F2-83F8002EABA4}.Debug|x64.Build.0 = Debug|Any CPU
		{23E306BD-36CB-47A6-B1F2-83F8002EABA4}.Debug|x86.ActiveCfg = Debug|Any CPU
		{23E306BD-36CB-47A6-B1F2-83F8002EABA4}.Debug|x86.Build.0 = Debug|Any CPU
		{23E306BD-36CB-47A6-B1F2-83F8002EABA4}.Release|Any CPU.ActiveCfg = Release|Any CPU
		{23E306BD-36CB-47A6-B1F2-83F8002EABA4}.Release|Any CPU.Build.0 = Release|Any CPU
		{23E306BD-36CB-47A6-B1F2-83F8002EABA4}.Release|x64.ActiveCfg = Release|Any CPU
		{23E306BD-36CB-47A6-B1F2-83F8002EABA4}.Release|x64.Build.0 = Release|Any CPU
		{23E306BD-36CB-47A6-B1F2-83F8002EABA4}.Release|x86.ActiveCfg = Release|Any CPU
		{23E306BD-36CB-47A6-B1F2-83F8002EABA4}.Release|x86.Build.0 = Release|Any CPU
		{6D6753B3-99A1-4099-B38A-B05CBE90C31D}.Debug|Any CPU.ActiveCfg = Debug|Any CPU
		{6D6753B3-99A1-4099-B38A-B05CBE90C31D}.Debug|Any CPU.Build.0 = Debug|Any CPU
		{6D6753B3-99A1-4099-B38A-B05CBE90C31D}.Debug|x64.ActiveCfg = Debug|Any CPU
		{6D6753B3-99A1-4099-B38A-B05CBE90C31D}.Debug|x64.Build.0 = Debug|Any CPU
		{6D6753B3-99A1-4099-B38A-B05CBE90C31D}.Debug|x86.ActiveCfg = Debug|Any CPU
		{6D6753B3-99A1-4099-B38A-B05CBE90C31D}.Debug|x86.Build.0 = Debug|Any CPU
		{6D6753B3-99A1-4099-B38A-B05CBE90C31D}.Release|Any CPU.ActiveCfg = Release|Any CPU
		{6D6753B3-99A1-4099-B38A-B05CBE90C31D}.Release|Any CPU.Build.0 = Release|Any CPU
		{6D6753B3-99A1-4099-B38A-B05CBE90C31D}.Release|x64.ActiveCfg = Release|Any CPU
		{6D6753B3-99A1-4099-B38A-B05CBE90C31D}.Release|x64.Build.0 = Release|Any CPU
		{6D6753B3-99A1-4099-B38A-B05CBE90C31D}.Release|x86.ActiveCfg = Release|Any CPU
		{6D6753B3-99A1-4099-B38A-B05CBE90C31D}.Release|x86.Build.0 = Release|Any CPU
		{5CCE4C4A-B22C-4A7A-8083-3FDE473CF898}.Debug|Any CPU.ActiveCfg = Debug|Any CPU
		{5CCE4C4A-B22C-4A7A-8083-3FDE473CF898}.Debug|Any CPU.Build.0 = Debug|Any CPU
		{5CCE4C4A-B22C-4A7A-8083-3FDE473CF898}.Debug|x64.ActiveCfg = Debug|Any CPU
		{5CCE4C4A-B22C-4A7A-8083-3FDE473CF898}.Debug|x64.Build.0 = Debug|Any CPU
		{5CCE4C4A-B22C-4A7A-8083-3FDE473CF898}.Debug|x86.ActiveCfg = Debug|Any CPU
		{5CCE4C4A-B22C-4A7A-8083-3FDE473CF898}.Debug|x86.Build.0 = Debug|Any CPU
		{5CCE4C4A-B22C-4A7A-8083-3FDE473CF898}.Release|Any CPU.ActiveCfg = Release|Any CPU
		{5CCE4C4A-B22C-4A7A-8083-3FDE473CF898}.Release|Any CPU.Build.0 = Release|Any CPU
		{5CCE4C4A-B22C-4A7A-8083-3FDE473CF898}.Release|x64.ActiveCfg = Release|Any CPU
		{5CCE4C4A-B22C-4A7A-8083-3FDE473CF898}.Release|x64.Build.0 = Release|Any CPU
		{5CCE4C4A-B22C-4A7A-8083-3FDE473CF898}.Release|x86.ActiveCfg = Release|Any CPU
		{5CCE4C4A-B22C-4A7A-8083-3FDE473CF898}.Release|x86.Build.0 = Release|Any CPU
		{C6A80EBE-1A6D-40AC-94A6-2CF6BC45D09A}.Debug|Any CPU.ActiveCfg = Debug|Any CPU
		{C6A80EBE-1A6D-40AC-94A6-2CF6BC45D09A}.Debug|Any CPU.Build.0 = Debug|Any CPU
		{C6A80EBE-1A6D-40AC-94A6-2CF6BC45D09A}.Debug|x64.ActiveCfg = Debug|Any CPU
		{C6A80EBE-1A6D-40AC-94A6-2CF6BC45D09A}.Debug|x64.Build.0 = Debug|Any CPU
		{C6A80EBE-1A6D-40AC-94A6-2CF6BC45D09A}.Debug|x86.ActiveCfg = Debug|Any CPU
		{C6A80EBE-1A6D-40AC-94A6-2CF6BC45D09A}.Debug|x86.Build.0 = Debug|Any CPU
		{C6A80EBE-1A6D-40AC-94A6-2CF6BC45D09A}.Release|Any CPU.ActiveCfg = Release|Any CPU
		{C6A80EBE-1A6D-40AC-94A6-2CF6BC45D09A}.Release|Any CPU.Build.0 = Release|Any CPU
		{C6A80EBE-1A6D-40AC-94A6-2CF6BC45D09A}.Release|x64.ActiveCfg = Release|Any CPU
		{C6A80EBE-1A6D-40AC-94A6-2CF6BC45D09A}.Release|x64.Build.0 = Release|Any CPU
		{C6A80EBE-1A6D-40AC-94A6-2CF6BC45D09A}.Release|x86.ActiveCfg = Release|Any CPU
		{C6A80EBE-1A6D-40AC-94A6-2CF6BC45D09A}.Release|x86.Build.0 = Release|Any CPU
		{D3DE9823-47C0-4F42-84F2-FB6196D5A220}.Debug|Any CPU.ActiveCfg = Debug|Any CPU
		{D3DE9823-47C0-4F42-84F2-FB6196D5A220}.Debug|Any CPU.Build.0 = Debug|Any CPU
		{D3DE9823-47C0-4F42-84F2-FB6196D5A220}.Debug|x64.ActiveCfg = Debug|Any CPU
		{D3DE9823-47C0-4F42-84F2-FB6196D5A220}.Debug|x64.Build.0 = Debug|Any CPU
		{D3DE9823-47C0-4F42-84F2-FB6196D5A220}.Debug|x86.ActiveCfg = Debug|Any CPU
		{D3DE9823-47C0-4F42-84F2-FB6196D5A220}.Debug|x86.Build.0 = Debug|Any CPU
		{D3DE9823-47C0-4F42-84F2-FB6196D5A220}.Release|Any CPU.ActiveCfg = Release|Any CPU
		{D3DE9823-47C0-4F42-84F2-FB6196D5A220}.Release|Any CPU.Build.0 = Release|Any CPU
		{D3DE9823-47C0-4F42-84F2-FB6196D5A220}.Release|x64.ActiveCfg = Release|Any CPU
		{D3DE9823-47C0-4F42-84F2-FB6196D5A220}.Release|x64.Build.0 = Release|Any CPU
		{D3DE9823-47C0-4F42-84F2-FB6196D5A220}.Release|x86.ActiveCfg = Release|Any CPU
		{D3DE9823-47C0-4F42-84F2-FB6196D5A220}.Release|x86.Build.0 = Release|Any CPU
		{24716B59-344F-4680-8E03-62E6811519F7}.Debug|Any CPU.ActiveCfg = Debug|Any CPU
		{24716B59-344F-4680-8E03-62E6811519F7}.Debug|Any CPU.Build.0 = Debug|Any CPU
		{24716B59-344F-4680-8E03-62E6811519F7}.Debug|x64.ActiveCfg = Debug|Any CPU
		{24716B59-344F-4680-8E03-62E6811519F7}.Debug|x64.Build.0 = Debug|Any CPU
		{24716B59-344F-4680-8E03-62E6811519F7}.Debug|x86.ActiveCfg = Debug|Any CPU
		{24716B59-344F-4680-8E03-62E6811519F7}.Debug|x86.Build.0 = Debug|Any CPU
		{24716B59-344F-4680-8E03-62E6811519F7}.Release|Any CPU.ActiveCfg = Release|Any CPU
		{24716B59-344F-4680-8E03-62E6811519F7}.Release|Any CPU.Build.0 = Release|Any CPU
		{24716B59-344F-4680-8E03-62E6811519F7}.Release|x64.ActiveCfg = Release|Any CPU
		{24716B59-344F-4680-8E03-62E6811519F7}.Release|x64.Build.0 = Release|Any CPU
		{24716B59-344F-4680-8E03-62E6811519F7}.Release|x86.ActiveCfg = Release|Any CPU
		{24716B59-344F-4680-8E03-62E6811519F7}.Release|x86.Build.0 = Release|Any CPU
		{2935051D-EE1B-4909-A0C8-4574F1B65D6C}.Debug|Any CPU.ActiveCfg = Debug|Any CPU
		{2935051D-EE1B-4909-A0C8-4574F1B65D6C}.Debug|Any CPU.Build.0 = Debug|Any CPU
		{2935051D-EE1B-4909-A0C8-4574F1B65D6C}.Debug|x64.ActiveCfg = Debug|Any CPU
		{2935051D-EE1B-4909-A0C8-4574F1B65D6C}.Debug|x64.Build.0 = Debug|Any CPU
		{2935051D-EE1B-4909-A0C8-4574F1B65D6C}.Debug|x86.ActiveCfg = Debug|Any CPU
		{2935051D-EE1B-4909-A0C8-4574F1B65D6C}.Debug|x86.Build.0 = Debug|Any CPU
		{2935051D-EE1B-4909-A0C8-4574F1B65D6C}.Release|Any CPU.ActiveCfg = Release|Any CPU
		{2935051D-EE1B-4909-A0C8-4574F1B65D6C}.Release|Any CPU.Build.0 = Release|Any CPU
		{2935051D-EE1B-4909-A0C8-4574F1B65D6C}.Release|x64.ActiveCfg = Release|Any CPU
		{2935051D-EE1B-4909-A0C8-4574F1B65D6C}.Release|x64.Build.0 = Release|Any CPU
		{2935051D-EE1B-4909-A0C8-4574F1B65D6C}.Release|x86.ActiveCfg = Release|Any CPU
		{2935051D-EE1B-4909-A0C8-4574F1B65D6C}.Release|x86.Build.0 = Release|Any CPU
		{61E1971B-46EF-41D1-B158-60A23805D60E}.Debug|Any CPU.ActiveCfg = Debug|Any CPU
		{61E1971B-46EF-41D1-B158-60A23805D60E}.Debug|Any CPU.Build.0 = Debug|Any CPU
		{61E1971B-46EF-41D1-B158-60A23805D60E}.Debug|x64.ActiveCfg = Debug|Any CPU
		{61E1971B-46EF-41D1-B158-60A23805D60E}.Debug|x64.Build.0 = Debug|Any CPU
		{61E1971B-46EF-41D1-B158-60A23805D60E}.Debug|x86.ActiveCfg = Debug|Any CPU
		{61E1971B-46EF-41D1-B158-60A23805D60E}.Debug|x86.Build.0 = Debug|Any CPU
		{61E1971B-46EF-41D1-B158-60A23805D60E}.Release|Any CPU.ActiveCfg = Release|Any CPU
		{61E1971B-46EF-41D1-B158-60A23805D60E}.Release|Any CPU.Build.0 = Release|Any CPU
		{61E1971B-46EF-41D1-B158-60A23805D60E}.Release|x64.ActiveCfg = Release|Any CPU
		{61E1971B-46EF-41D1-B158-60A23805D60E}.Release|x64.Build.0 = Release|Any CPU
		{61E1971B-46EF-41D1-B158-60A23805D60E}.Release|x86.ActiveCfg = Release|Any CPU
		{61E1971B-46EF-41D1-B158-60A23805D60E}.Release|x86.Build.0 = Release|Any CPU
		{B09827DB-BB44-4398-B78F-E14EEA809CBD}.Debug|Any CPU.ActiveCfg = Debug|Any CPU
		{B09827DB-BB44-4398-B78F-E14EEA809CBD}.Debug|Any CPU.Build.0 = Debug|Any CPU
		{B09827DB-BB44-4398-B78F-E14EEA809CBD}.Debug|x64.ActiveCfg = Debug|Any CPU
		{B09827DB-BB44-4398-B78F-E14EEA809CBD}.Debug|x64.Build.0 = Debug|Any CPU
		{B09827DB-BB44-4398-B78F-E14EEA809CBD}.Debug|x86.ActiveCfg = Debug|Any CPU
		{B09827DB-BB44-4398-B78F-E14EEA809CBD}.Debug|x86.Build.0 = Debug|Any CPU
		{B09827DB-BB44-4398-B78F-E14EEA809CBD}.Release|Any CPU.ActiveCfg = Release|Any CPU
		{B09827DB-BB44-4398-B78F-E14EEA809CBD}.Release|Any CPU.Build.0 = Release|Any CPU
		{B09827DB-BB44-4398-B78F-E14EEA809CBD}.Release|x64.ActiveCfg = Release|Any CPU
		{B09827DB-BB44-4398-B78F-E14EEA809CBD}.Release|x64.Build.0 = Release|Any CPU
		{B09827DB-BB44-4398-B78F-E14EEA809CBD}.Release|x86.ActiveCfg = Release|Any CPU
		{B09827DB-BB44-4398-B78F-E14EEA809CBD}.Release|x86.Build.0 = Release|Any CPU
		{1C98D8C3-171A-40AE-B4ED-268D16746758}.Debug|Any CPU.ActiveCfg = Debug|Any CPU
		{1C98D8C3-171A-40AE-B4ED-268D16746758}.Debug|Any CPU.Build.0 = Debug|Any CPU
		{1C98D8C3-171A-40AE-B4ED-268D16746758}.Debug|x64.ActiveCfg = Debug|Any CPU
		{1C98D8C3-171A-40AE-B4ED-268D16746758}.Debug|x64.Build.0 = Debug|Any CPU
		{1C98D8C3-171A-40AE-B4ED-268D16746758}.Debug|x86.ActiveCfg = Debug|Any CPU
		{1C98D8C3-171A-40AE-B4ED-268D16746758}.Debug|x86.Build.0 = Debug|Any CPU
		{1C98D8C3-171A-40AE-B4ED-268D16746758}.Release|Any CPU.ActiveCfg = Release|Any CPU
		{1C98D8C3-171A-40AE-B4ED-268D16746758}.Release|Any CPU.Build.0 = Release|Any CPU
		{1C98D8C3-171A-40AE-B4ED-268D16746758}.Release|x64.ActiveCfg = Release|Any CPU
		{1C98D8C3-171A-40AE-B4ED-268D16746758}.Release|x64.Build.0 = Release|Any CPU
		{1C98D8C3-171A-40AE-B4ED-268D16746758}.Release|x86.ActiveCfg = Release|Any CPU
		{1C98D8C3-171A-40AE-B4ED-268D16746758}.Release|x86.Build.0 = Release|Any CPU
		{1D3BA252-A706-43C1-839C-390AE13F6C28}.Debug|Any CPU.ActiveCfg = Debug|Any CPU
		{1D3BA252-A706-43C1-839C-390AE13F6C28}.Debug|Any CPU.Build.0 = Debug|Any CPU
		{1D3BA252-A706-43C1-839C-390AE13F6C28}.Debug|x64.ActiveCfg = Debug|Any CPU
		{1D3BA252-A706-43C1-839C-390AE13F6C28}.Debug|x64.Build.0 = Debug|Any CPU
		{1D3BA252-A706-43C1-839C-390AE13F6C28}.Debug|x86.ActiveCfg = Debug|Any CPU
		{1D3BA252-A706-43C1-839C-390AE13F6C28}.Debug|x86.Build.0 = Debug|Any CPU
		{1D3BA252-A706-43C1-839C-390AE13F6C28}.Release|Any CPU.ActiveCfg = Release|Any CPU
		{1D3BA252-A706-43C1-839C-390AE13F6C28}.Release|Any CPU.Build.0 = Release|Any CPU
		{1D3BA252-A706-43C1-839C-390AE13F6C28}.Release|x64.ActiveCfg = Release|Any CPU
		{1D3BA252-A706-43C1-839C-390AE13F6C28}.Release|x64.Build.0 = Release|Any CPU
		{1D3BA252-A706-43C1-839C-390AE13F6C28}.Release|x86.ActiveCfg = Release|Any CPU
		{1D3BA252-A706-43C1-839C-390AE13F6C28}.Release|x86.Build.0 = Release|Any CPU
		{AF2D4EB4-B64E-4D38-A39B-EBA9B852EEF1}.Debug|Any CPU.ActiveCfg = Debug|Any CPU
		{AF2D4EB4-B64E-4D38-A39B-EBA9B852EEF1}.Debug|Any CPU.Build.0 = Debug|Any CPU
		{AF2D4EB4-B64E-4D38-A39B-EBA9B852EEF1}.Debug|x64.ActiveCfg = Debug|Any CPU
		{AF2D4EB4-B64E-4D38-A39B-EBA9B852EEF1}.Debug|x64.Build.0 = Debug|Any CPU
		{AF2D4EB4-B64E-4D38-A39B-EBA9B852EEF1}.Debug|x86.ActiveCfg = Debug|Any CPU
		{AF2D4EB4-B64E-4D38-A39B-EBA9B852EEF1}.Debug|x86.Build.0 = Debug|Any CPU
		{AF2D4EB4-B64E-4D38-A39B-EBA9B852EEF1}.Release|Any CPU.ActiveCfg = Release|Any CPU
		{AF2D4EB4-B64E-4D38-A39B-EBA9B852EEF1}.Release|Any CPU.Build.0 = Release|Any CPU
		{AF2D4EB4-B64E-4D38-A39B-EBA9B852EEF1}.Release|x64.ActiveCfg = Release|Any CPU
		{AF2D4EB4-B64E-4D38-A39B-EBA9B852EEF1}.Release|x64.Build.0 = Release|Any CPU
		{AF2D4EB4-B64E-4D38-A39B-EBA9B852EEF1}.Release|x86.ActiveCfg = Release|Any CPU
		{AF2D4EB4-B64E-4D38-A39B-EBA9B852EEF1}.Release|x86.Build.0 = Release|Any CPU
		{3F9D2809-9332-49CB-AA30-657F012C04D9}.Debug|Any CPU.ActiveCfg = Debug|Any CPU
		{3F9D2809-9332-49CB-AA30-657F012C04D9}.Debug|Any CPU.Build.0 = Debug|Any CPU
		{3F9D2809-9332-49CB-AA30-657F012C04D9}.Debug|x64.ActiveCfg = Debug|Any CPU
		{3F9D2809-9332-49CB-AA30-657F012C04D9}.Debug|x64.Build.0 = Debug|Any CPU
		{3F9D2809-9332-49CB-AA30-657F012C04D9}.Debug|x86.ActiveCfg = Debug|Any CPU
		{3F9D2809-9332-49CB-AA30-657F012C04D9}.Debug|x86.Build.0 = Debug|Any CPU
		{3F9D2809-9332-49CB-AA30-657F012C04D9}.Release|Any CPU.ActiveCfg = Release|Any CPU
		{3F9D2809-9332-49CB-AA30-657F012C04D9}.Release|Any CPU.Build.0 = Release|Any CPU
		{3F9D2809-9332-49CB-AA30-657F012C04D9}.Release|x64.ActiveCfg = Release|Any CPU
		{3F9D2809-9332-49CB-AA30-657F012C04D9}.Release|x64.Build.0 = Release|Any CPU
		{3F9D2809-9332-49CB-AA30-657F012C04D9}.Release|x86.ActiveCfg = Release|Any CPU
		{3F9D2809-9332-49CB-AA30-657F012C04D9}.Release|x86.Build.0 = Release|Any CPU
		{C15D8C58-EF8D-4798-86A6-F111303B74F7}.Debug|Any CPU.ActiveCfg = Debug|Any CPU
		{C15D8C58-EF8D-4798-86A6-F111303B74F7}.Debug|Any CPU.Build.0 = Debug|Any CPU
		{C15D8C58-EF8D-4798-86A6-F111303B74F7}.Debug|x64.ActiveCfg = Debug|Any CPU
		{C15D8C58-EF8D-4798-86A6-F111303B74F7}.Debug|x64.Build.0 = Debug|Any CPU
		{C15D8C58-EF8D-4798-86A6-F111303B74F7}.Debug|x86.ActiveCfg = Debug|Any CPU
		{C15D8C58-EF8D-4798-86A6-F111303B74F7}.Debug|x86.Build.0 = Debug|Any CPU
		{C15D8C58-EF8D-4798-86A6-F111303B74F7}.Release|Any CPU.ActiveCfg = Release|Any CPU
		{C15D8C58-EF8D-4798-86A6-F111303B74F7}.Release|Any CPU.Build.0 = Release|Any CPU
		{C15D8C58-EF8D-4798-86A6-F111303B74F7}.Release|x64.ActiveCfg = Release|Any CPU
		{C15D8C58-EF8D-4798-86A6-F111303B74F7}.Release|x64.Build.0 = Release|Any CPU
		{C15D8C58-EF8D-4798-86A6-F111303B74F7}.Release|x86.ActiveCfg = Release|Any CPU
		{C15D8C58-EF8D-4798-86A6-F111303B74F7}.Release|x86.Build.0 = Release|Any CPU
		{CA86A748-5E07-454A-BE9F-8098936E9C0A}.Debug|Any CPU.ActiveCfg = Debug|Any CPU
		{CA86A748-5E07-454A-BE9F-8098936E9C0A}.Debug|Any CPU.Build.0 = Debug|Any CPU
		{CA86A748-5E07-454A-BE9F-8098936E9C0A}.Debug|x64.ActiveCfg = Debug|Any CPU
		{CA86A748-5E07-454A-BE9F-8098936E9C0A}.Debug|x64.Build.0 = Debug|Any CPU
		{CA86A748-5E07-454A-BE9F-8098936E9C0A}.Debug|x86.ActiveCfg = Debug|Any CPU
		{CA86A748-5E07-454A-BE9F-8098936E9C0A}.Debug|x86.Build.0 = Debug|Any CPU
		{CA86A748-5E07-454A-BE9F-8098936E9C0A}.Release|Any CPU.ActiveCfg = Release|Any CPU
		{CA86A748-5E07-454A-BE9F-8098936E9C0A}.Release|Any CPU.Build.0 = Release|Any CPU
		{CA86A748-5E07-454A-BE9F-8098936E9C0A}.Release|x64.ActiveCfg = Release|Any CPU
		{CA86A748-5E07-454A-BE9F-8098936E9C0A}.Release|x64.Build.0 = Release|Any CPU
		{CA86A748-5E07-454A-BE9F-8098936E9C0A}.Release|x86.ActiveCfg = Release|Any CPU
		{CA86A748-5E07-454A-BE9F-8098936E9C0A}.Release|x86.Build.0 = Release|Any CPU
		{00C10A49-62C1-45CD-92CB-3AFBF34D9864}.Debug|Any CPU.ActiveCfg = Debug|Any CPU
		{00C10A49-62C1-45CD-92CB-3AFBF34D9864}.Debug|Any CPU.Build.0 = Debug|Any CPU
		{00C10A49-62C1-45CD-92CB-3AFBF34D9864}.Debug|x64.ActiveCfg = Debug|Any CPU
		{00C10A49-62C1-45CD-92CB-3AFBF34D9864}.Debug|x64.Build.0 = Debug|Any CPU
		{00C10A49-62C1-45CD-92CB-3AFBF34D9864}.Debug|x86.ActiveCfg = Debug|Any CPU
		{00C10A49-62C1-45CD-92CB-3AFBF34D9864}.Debug|x86.Build.0 = Debug|Any CPU
		{00C10A49-62C1-45CD-92CB-3AFBF34D9864}.Release|Any CPU.ActiveCfg = Release|Any CPU
		{00C10A49-62C1-45CD-92CB-3AFBF34D9864}.Release|Any CPU.Build.0 = Release|Any CPU
		{00C10A49-62C1-45CD-92CB-3AFBF34D9864}.Release|x64.ActiveCfg = Release|Any CPU
		{00C10A49-62C1-45CD-92CB-3AFBF34D9864}.Release|x64.Build.0 = Release|Any CPU
		{00C10A49-62C1-45CD-92CB-3AFBF34D9864}.Release|x86.ActiveCfg = Release|Any CPU
		{00C10A49-62C1-45CD-92CB-3AFBF34D9864}.Release|x86.Build.0 = Release|Any CPU
		{942B071F-4A66-45E3-9722-9999FFD39D74}.Debug|Any CPU.ActiveCfg = Debug|Any CPU
		{942B071F-4A66-45E3-9722-9999FFD39D74}.Debug|Any CPU.Build.0 = Debug|Any CPU
		{942B071F-4A66-45E3-9722-9999FFD39D74}.Debug|x64.ActiveCfg = Debug|Any CPU
		{942B071F-4A66-45E3-9722-9999FFD39D74}.Debug|x64.Build.0 = Debug|Any CPU
		{942B071F-4A66-45E3-9722-9999FFD39D74}.Debug|x86.ActiveCfg = Debug|Any CPU
		{942B071F-4A66-45E3-9722-9999FFD39D74}.Debug|x86.Build.0 = Debug|Any CPU
		{942B071F-4A66-45E3-9722-9999FFD39D74}.Release|Any CPU.ActiveCfg = Release|Any CPU
		{942B071F-4A66-45E3-9722-9999FFD39D74}.Release|Any CPU.Build.0 = Release|Any CPU
		{942B071F-4A66-45E3-9722-9999FFD39D74}.Release|x64.ActiveCfg = Release|Any CPU
		{942B071F-4A66-45E3-9722-9999FFD39D74}.Release|x64.Build.0 = Release|Any CPU
		{942B071F-4A66-45E3-9722-9999FFD39D74}.Release|x86.ActiveCfg = Release|Any CPU
		{942B071F-4A66-45E3-9722-9999FFD39D74}.Release|x86.Build.0 = Release|Any CPU
		{9398E927-3225-4B4C-833D-5A2ADCF05E6C}.Debug|Any CPU.ActiveCfg = Debug|Any CPU
		{9398E927-3225-4B4C-833D-5A2ADCF05E6C}.Debug|Any CPU.Build.0 = Debug|Any CPU
		{9398E927-3225-4B4C-833D-5A2ADCF05E6C}.Debug|x64.ActiveCfg = Debug|Any CPU
		{9398E927-3225-4B4C-833D-5A2ADCF05E6C}.Debug|x64.Build.0 = Debug|Any CPU
		{9398E927-3225-4B4C-833D-5A2ADCF05E6C}.Debug|x86.ActiveCfg = Debug|Any CPU
		{9398E927-3225-4B4C-833D-5A2ADCF05E6C}.Debug|x86.Build.0 = Debug|Any CPU
		{9398E927-3225-4B4C-833D-5A2ADCF05E6C}.Release|Any CPU.ActiveCfg = Release|Any CPU
		{9398E927-3225-4B4C-833D-5A2ADCF05E6C}.Release|Any CPU.Build.0 = Release|Any CPU
		{9398E927-3225-4B4C-833D-5A2ADCF05E6C}.Release|x64.ActiveCfg = Release|Any CPU
		{9398E927-3225-4B4C-833D-5A2ADCF05E6C}.Release|x64.Build.0 = Release|Any CPU
		{9398E927-3225-4B4C-833D-5A2ADCF05E6C}.Release|x86.ActiveCfg = Release|Any CPU
		{9398E927-3225-4B4C-833D-5A2ADCF05E6C}.Release|x86.Build.0 = Release|Any CPU
		{660F7708-E304-470A-BE9D-BB9CE1A9FD0F}.Debug|Any CPU.ActiveCfg = Debug|Any CPU
		{660F7708-E304-470A-BE9D-BB9CE1A9FD0F}.Debug|Any CPU.Build.0 = Debug|Any CPU
		{660F7708-E304-470A-BE9D-BB9CE1A9FD0F}.Debug|x64.ActiveCfg = Debug|Any CPU
		{660F7708-E304-470A-BE9D-BB9CE1A9FD0F}.Debug|x64.Build.0 = Debug|Any CPU
		{660F7708-E304-470A-BE9D-BB9CE1A9FD0F}.Debug|x86.ActiveCfg = Debug|Any CPU
		{660F7708-E304-470A-BE9D-BB9CE1A9FD0F}.Debug|x86.Build.0 = Debug|Any CPU
		{660F7708-E304-470A-BE9D-BB9CE1A9FD0F}.Release|Any CPU.ActiveCfg = Release|Any CPU
		{660F7708-E304-470A-BE9D-BB9CE1A9FD0F}.Release|Any CPU.Build.0 = Release|Any CPU
		{660F7708-E304-470A-BE9D-BB9CE1A9FD0F}.Release|x64.ActiveCfg = Release|Any CPU
		{660F7708-E304-470A-BE9D-BB9CE1A9FD0F}.Release|x64.Build.0 = Release|Any CPU
		{660F7708-E304-470A-BE9D-BB9CE1A9FD0F}.Release|x86.ActiveCfg = Release|Any CPU
		{660F7708-E304-470A-BE9D-BB9CE1A9FD0F}.Release|x86.Build.0 = Release|Any CPU
		{FA6E5E61-B0CE-48DB-97BC-690134B9823E}.Debug|Any CPU.ActiveCfg = Debug|Any CPU
		{FA6E5E61-B0CE-48DB-97BC-690134B9823E}.Debug|Any CPU.Build.0 = Debug|Any CPU
		{FA6E5E61-B0CE-48DB-97BC-690134B9823E}.Debug|x64.ActiveCfg = Debug|Any CPU
		{FA6E5E61-B0CE-48DB-97BC-690134B9823E}.Debug|x64.Build.0 = Debug|Any CPU
		{FA6E5E61-B0CE-48DB-97BC-690134B9823E}.Debug|x86.ActiveCfg = Debug|Any CPU
		{FA6E5E61-B0CE-48DB-97BC-690134B9823E}.Debug|x86.Build.0 = Debug|Any CPU
		{FA6E5E61-B0CE-48DB-97BC-690134B9823E}.Release|Any CPU.ActiveCfg = Release|Any CPU
		{FA6E5E61-B0CE-48DB-97BC-690134B9823E}.Release|Any CPU.Build.0 = Release|Any CPU
		{FA6E5E61-B0CE-48DB-97BC-690134B9823E}.Release|x64.ActiveCfg = Release|Any CPU
		{FA6E5E61-B0CE-48DB-97BC-690134B9823E}.Release|x64.Build.0 = Release|Any CPU
		{FA6E5E61-B0CE-48DB-97BC-690134B9823E}.Release|x86.ActiveCfg = Release|Any CPU
		{FA6E5E61-B0CE-48DB-97BC-690134B9823E}.Release|x86.Build.0 = Release|Any CPU
		{54D3883F-126A-4241-8AF7-9FE95EB22E05}.Debug|Any CPU.ActiveCfg = Debug|Any CPU
		{54D3883F-126A-4241-8AF7-9FE95EB22E05}.Debug|Any CPU.Build.0 = Debug|Any CPU
		{54D3883F-126A-4241-8AF7-9FE95EB22E05}.Debug|x64.ActiveCfg = Debug|Any CPU
		{54D3883F-126A-4241-8AF7-9FE95EB22E05}.Debug|x64.Build.0 = Debug|Any CPU
		{54D3883F-126A-4241-8AF7-9FE95EB22E05}.Debug|x86.ActiveCfg = Debug|Any CPU
		{54D3883F-126A-4241-8AF7-9FE95EB22E05}.Debug|x86.Build.0 = Debug|Any CPU
		{54D3883F-126A-4241-8AF7-9FE95EB22E05}.Release|Any CPU.ActiveCfg = Release|Any CPU
		{54D3883F-126A-4241-8AF7-9FE95EB22E05}.Release|Any CPU.Build.0 = Release|Any CPU
		{54D3883F-126A-4241-8AF7-9FE95EB22E05}.Release|x64.ActiveCfg = Release|Any CPU
		{54D3883F-126A-4241-8AF7-9FE95EB22E05}.Release|x64.Build.0 = Release|Any CPU
		{54D3883F-126A-4241-8AF7-9FE95EB22E05}.Release|x86.ActiveCfg = Release|Any CPU
		{54D3883F-126A-4241-8AF7-9FE95EB22E05}.Release|x86.Build.0 = Release|Any CPU
		{BFB289E7-2C66-4838-95EC-9AA789BA5E4B}.Debug|Any CPU.ActiveCfg = Debug|Any CPU
		{BFB289E7-2C66-4838-95EC-9AA789BA5E4B}.Debug|Any CPU.Build.0 = Debug|Any CPU
		{BFB289E7-2C66-4838-95EC-9AA789BA5E4B}.Debug|x64.ActiveCfg = Debug|Any CPU
		{BFB289E7-2C66-4838-95EC-9AA789BA5E4B}.Debug|x64.Build.0 = Debug|Any CPU
		{BFB289E7-2C66-4838-95EC-9AA789BA5E4B}.Debug|x86.ActiveCfg = Debug|Any CPU
		{BFB289E7-2C66-4838-95EC-9AA789BA5E4B}.Debug|x86.Build.0 = Debug|Any CPU
		{BFB289E7-2C66-4838-95EC-9AA789BA5E4B}.Release|Any CPU.ActiveCfg = Release|Any CPU
		{BFB289E7-2C66-4838-95EC-9AA789BA5E4B}.Release|Any CPU.Build.0 = Release|Any CPU
		{BFB289E7-2C66-4838-95EC-9AA789BA5E4B}.Release|x64.ActiveCfg = Release|Any CPU
		{BFB289E7-2C66-4838-95EC-9AA789BA5E4B}.Release|x64.Build.0 = Release|Any CPU
		{BFB289E7-2C66-4838-95EC-9AA789BA5E4B}.Release|x86.ActiveCfg = Release|Any CPU
		{BFB289E7-2C66-4838-95EC-9AA789BA5E4B}.Release|x86.Build.0 = Release|Any CPU
		{22A7F415-D2B7-485F-82C0-7F64F277113D}.Debug|Any CPU.ActiveCfg = Debug|Any CPU
		{22A7F415-D2B7-485F-82C0-7F64F277113D}.Debug|Any CPU.Build.0 = Debug|Any CPU
		{22A7F415-D2B7-485F-82C0-7F64F277113D}.Debug|x64.ActiveCfg = Debug|Any CPU
		{22A7F415-D2B7-485F-82C0-7F64F277113D}.Debug|x64.Build.0 = Debug|Any CPU
		{22A7F415-D2B7-485F-82C0-7F64F277113D}.Debug|x86.ActiveCfg = Debug|Any CPU
		{22A7F415-D2B7-485F-82C0-7F64F277113D}.Debug|x86.Build.0 = Debug|Any CPU
		{22A7F415-D2B7-485F-82C0-7F64F277113D}.Release|Any CPU.ActiveCfg = Release|Any CPU
		{22A7F415-D2B7-485F-82C0-7F64F277113D}.Release|Any CPU.Build.0 = Release|Any CPU
		{22A7F415-D2B7-485F-82C0-7F64F277113D}.Release|x64.ActiveCfg = Release|Any CPU
		{22A7F415-D2B7-485F-82C0-7F64F277113D}.Release|x64.Build.0 = Release|Any CPU
		{22A7F415-D2B7-485F-82C0-7F64F277113D}.Release|x86.ActiveCfg = Release|Any CPU
		{22A7F415-D2B7-485F-82C0-7F64F277113D}.Release|x86.Build.0 = Release|Any CPU
		{508953A9-5763-4B46-A013-73F29F0CA085}.Debug|Any CPU.ActiveCfg = Debug|Any CPU
		{508953A9-5763-4B46-A013-73F29F0CA085}.Debug|Any CPU.Build.0 = Debug|Any CPU
		{508953A9-5763-4B46-A013-73F29F0CA085}.Debug|x64.ActiveCfg = Debug|Any CPU
		{508953A9-5763-4B46-A013-73F29F0CA085}.Debug|x64.Build.0 = Debug|Any CPU
		{508953A9-5763-4B46-A013-73F29F0CA085}.Debug|x86.ActiveCfg = Debug|Any CPU
		{508953A9-5763-4B46-A013-73F29F0CA085}.Debug|x86.Build.0 = Debug|Any CPU
		{508953A9-5763-4B46-A013-73F29F0CA085}.Release|Any CPU.ActiveCfg = Release|Any CPU
		{508953A9-5763-4B46-A013-73F29F0CA085}.Release|Any CPU.Build.0 = Release|Any CPU
		{508953A9-5763-4B46-A013-73F29F0CA085}.Release|x64.ActiveCfg = Release|Any CPU
		{508953A9-5763-4B46-A013-73F29F0CA085}.Release|x64.Build.0 = Release|Any CPU
		{508953A9-5763-4B46-A013-73F29F0CA085}.Release|x86.ActiveCfg = Release|Any CPU
		{508953A9-5763-4B46-A013-73F29F0CA085}.Release|x86.Build.0 = Release|Any CPU
		{63001845-F50D-41C9-9226-B1ED2FC0421D}.Debug|Any CPU.ActiveCfg = Debug|Any CPU
		{63001845-F50D-41C9-9226-B1ED2FC0421D}.Debug|Any CPU.Build.0 = Debug|Any CPU
		{63001845-F50D-41C9-9226-B1ED2FC0421D}.Debug|x64.ActiveCfg = Debug|Any CPU
		{63001845-F50D-41C9-9226-B1ED2FC0421D}.Debug|x64.Build.0 = Debug|Any CPU
		{63001845-F50D-41C9-9226-B1ED2FC0421D}.Debug|x86.ActiveCfg = Debug|Any CPU
		{63001845-F50D-41C9-9226-B1ED2FC0421D}.Debug|x86.Build.0 = Debug|Any CPU
		{63001845-F50D-41C9-9226-B1ED2FC0421D}.Release|Any CPU.ActiveCfg = Release|Any CPU
		{63001845-F50D-41C9-9226-B1ED2FC0421D}.Release|Any CPU.Build.0 = Release|Any CPU
		{63001845-F50D-41C9-9226-B1ED2FC0421D}.Release|x64.ActiveCfg = Release|Any CPU
		{63001845-F50D-41C9-9226-B1ED2FC0421D}.Release|x64.Build.0 = Release|Any CPU
		{63001845-F50D-41C9-9226-B1ED2FC0421D}.Release|x86.ActiveCfg = Release|Any CPU
		{63001845-F50D-41C9-9226-B1ED2FC0421D}.Release|x86.Build.0 = Release|Any CPU
		{E6823688-EF14-4978-BA2E-DC62B7FB1CB3}.Debug|Any CPU.ActiveCfg = Debug|Any CPU
		{E6823688-EF14-4978-BA2E-DC62B7FB1CB3}.Debug|Any CPU.Build.0 = Debug|Any CPU
		{E6823688-EF14-4978-BA2E-DC62B7FB1CB3}.Debug|x64.ActiveCfg = Debug|Any CPU
		{E6823688-EF14-4978-BA2E-DC62B7FB1CB3}.Debug|x64.Build.0 = Debug|Any CPU
		{E6823688-EF14-4978-BA2E-DC62B7FB1CB3}.Debug|x86.ActiveCfg = Debug|Any CPU
		{E6823688-EF14-4978-BA2E-DC62B7FB1CB3}.Debug|x86.Build.0 = Debug|Any CPU
		{E6823688-EF14-4978-BA2E-DC62B7FB1CB3}.Release|Any CPU.ActiveCfg = Release|Any CPU
		{E6823688-EF14-4978-BA2E-DC62B7FB1CB3}.Release|Any CPU.Build.0 = Release|Any CPU
		{E6823688-EF14-4978-BA2E-DC62B7FB1CB3}.Release|x64.ActiveCfg = Release|Any CPU
		{E6823688-EF14-4978-BA2E-DC62B7FB1CB3}.Release|x64.Build.0 = Release|Any CPU
		{E6823688-EF14-4978-BA2E-DC62B7FB1CB3}.Release|x86.ActiveCfg = Release|Any CPU
		{E6823688-EF14-4978-BA2E-DC62B7FB1CB3}.Release|x86.Build.0 = Release|Any CPU
		{D80987F9-BABC-4BA3-9C62-CA8C22248D3B}.Debug|Any CPU.ActiveCfg = Debug|Any CPU
		{D80987F9-BABC-4BA3-9C62-CA8C22248D3B}.Debug|Any CPU.Build.0 = Debug|Any CPU
		{D80987F9-BABC-4BA3-9C62-CA8C22248D3B}.Debug|x64.ActiveCfg = Debug|Any CPU
		{D80987F9-BABC-4BA3-9C62-CA8C22248D3B}.Debug|x64.Build.0 = Debug|Any CPU
		{D80987F9-BABC-4BA3-9C62-CA8C22248D3B}.Debug|x86.ActiveCfg = Debug|Any CPU
		{D80987F9-BABC-4BA3-9C62-CA8C22248D3B}.Debug|x86.Build.0 = Debug|Any CPU
		{D80987F9-BABC-4BA3-9C62-CA8C22248D3B}.Release|Any CPU.ActiveCfg = Release|Any CPU
		{D80987F9-BABC-4BA3-9C62-CA8C22248D3B}.Release|Any CPU.Build.0 = Release|Any CPU
		{D80987F9-BABC-4BA3-9C62-CA8C22248D3B}.Release|x64.ActiveCfg = Release|Any CPU
		{D80987F9-BABC-4BA3-9C62-CA8C22248D3B}.Release|x64.Build.0 = Release|Any CPU
		{D80987F9-BABC-4BA3-9C62-CA8C22248D3B}.Release|x86.ActiveCfg = Release|Any CPU
		{D80987F9-BABC-4BA3-9C62-CA8C22248D3B}.Release|x86.Build.0 = Release|Any CPU
		{515E4190-8701-4A9D-80A6-459027068274}.Debug|Any CPU.ActiveCfg = Debug|Any CPU
		{515E4190-8701-4A9D-80A6-459027068274}.Debug|Any CPU.Build.0 = Debug|Any CPU
		{515E4190-8701-4A9D-80A6-459027068274}.Debug|x64.ActiveCfg = Debug|Any CPU
		{515E4190-8701-4A9D-80A6-459027068274}.Debug|x64.Build.0 = Debug|Any CPU
		{515E4190-8701-4A9D-80A6-459027068274}.Debug|x86.ActiveCfg = Debug|Any CPU
		{515E4190-8701-4A9D-80A6-459027068274}.Debug|x86.Build.0 = Debug|Any CPU
		{515E4190-8701-4A9D-80A6-459027068274}.Release|Any CPU.ActiveCfg = Release|Any CPU
		{515E4190-8701-4A9D-80A6-459027068274}.Release|Any CPU.Build.0 = Release|Any CPU
		{515E4190-8701-4A9D-80A6-459027068274}.Release|x64.ActiveCfg = Release|Any CPU
		{515E4190-8701-4A9D-80A6-459027068274}.Release|x64.Build.0 = Release|Any CPU
		{515E4190-8701-4A9D-80A6-459027068274}.Release|x86.ActiveCfg = Release|Any CPU
		{515E4190-8701-4A9D-80A6-459027068274}.Release|x86.Build.0 = Release|Any CPU
		{AAC00EC2-FF29-4284-9553-FD4E5265C504}.Debug|Any CPU.ActiveCfg = Debug|Any CPU
		{AAC00EC2-FF29-4284-9553-FD4E5265C504}.Debug|Any CPU.Build.0 = Debug|Any CPU
		{AAC00EC2-FF29-4284-9553-FD4E5265C504}.Debug|x64.ActiveCfg = Debug|Any CPU
		{AAC00EC2-FF29-4284-9553-FD4E5265C504}.Debug|x64.Build.0 = Debug|Any CPU
		{AAC00EC2-FF29-4284-9553-FD4E5265C504}.Debug|x86.ActiveCfg = Debug|Any CPU
		{AAC00EC2-FF29-4284-9553-FD4E5265C504}.Debug|x86.Build.0 = Debug|Any CPU
		{AAC00EC2-FF29-4284-9553-FD4E5265C504}.Release|Any CPU.ActiveCfg = Release|Any CPU
		{AAC00EC2-FF29-4284-9553-FD4E5265C504}.Release|Any CPU.Build.0 = Release|Any CPU
		{AAC00EC2-FF29-4284-9553-FD4E5265C504}.Release|x64.ActiveCfg = Release|Any CPU
		{AAC00EC2-FF29-4284-9553-FD4E5265C504}.Release|x64.Build.0 = Release|Any CPU
		{AAC00EC2-FF29-4284-9553-FD4E5265C504}.Release|x86.ActiveCfg = Release|Any CPU
		{AAC00EC2-FF29-4284-9553-FD4E5265C504}.Release|x86.Build.0 = Release|Any CPU
		{6F8874BA-B6A1-4B0A-9E54-4AB2817F8ED5}.Debug|Any CPU.ActiveCfg = Debug|Any CPU
		{6F8874BA-B6A1-4B0A-9E54-4AB2817F8ED5}.Debug|Any CPU.Build.0 = Debug|Any CPU
		{6F8874BA-B6A1-4B0A-9E54-4AB2817F8ED5}.Debug|x64.ActiveCfg = Debug|Any CPU
		{6F8874BA-B6A1-4B0A-9E54-4AB2817F8ED5}.Debug|x64.Build.0 = Debug|Any CPU
		{6F8874BA-B6A1-4B0A-9E54-4AB2817F8ED5}.Debug|x86.ActiveCfg = Debug|Any CPU
		{6F8874BA-B6A1-4B0A-9E54-4AB2817F8ED5}.Debug|x86.Build.0 = Debug|Any CPU
		{6F8874BA-B6A1-4B0A-9E54-4AB2817F8ED5}.Release|Any CPU.ActiveCfg = Release|Any CPU
		{6F8874BA-B6A1-4B0A-9E54-4AB2817F8ED5}.Release|Any CPU.Build.0 = Release|Any CPU
		{6F8874BA-B6A1-4B0A-9E54-4AB2817F8ED5}.Release|x64.ActiveCfg = Release|Any CPU
		{6F8874BA-B6A1-4B0A-9E54-4AB2817F8ED5}.Release|x64.Build.0 = Release|Any CPU
		{6F8874BA-B6A1-4B0A-9E54-4AB2817F8ED5}.Release|x86.ActiveCfg = Release|Any CPU
		{6F8874BA-B6A1-4B0A-9E54-4AB2817F8ED5}.Release|x86.Build.0 = Release|Any CPU
		{74BC3CD6-452C-40BB-A225-9D430138979D}.Debug|Any CPU.ActiveCfg = Debug|Any CPU
		{74BC3CD6-452C-40BB-A225-9D430138979D}.Debug|Any CPU.Build.0 = Debug|Any CPU
		{74BC3CD6-452C-40BB-A225-9D430138979D}.Debug|x64.ActiveCfg = Debug|Any CPU
		{74BC3CD6-452C-40BB-A225-9D430138979D}.Debug|x64.Build.0 = Debug|Any CPU
		{74BC3CD6-452C-40BB-A225-9D430138979D}.Debug|x86.ActiveCfg = Debug|Any CPU
		{74BC3CD6-452C-40BB-A225-9D430138979D}.Debug|x86.Build.0 = Debug|Any CPU
		{74BC3CD6-452C-40BB-A225-9D430138979D}.Release|Any CPU.ActiveCfg = Release|Any CPU
		{74BC3CD6-452C-40BB-A225-9D430138979D}.Release|Any CPU.Build.0 = Release|Any CPU
		{74BC3CD6-452C-40BB-A225-9D430138979D}.Release|x64.ActiveCfg = Release|Any CPU
		{74BC3CD6-452C-40BB-A225-9D430138979D}.Release|x64.Build.0 = Release|Any CPU
		{74BC3CD6-452C-40BB-A225-9D430138979D}.Release|x86.ActiveCfg = Release|Any CPU
		{74BC3CD6-452C-40BB-A225-9D430138979D}.Release|x86.Build.0 = Release|Any CPU
		{64264F48-A69F-48B3-911F-5C3536ECA88F}.Debug|Any CPU.ActiveCfg = Debug|Any CPU
		{64264F48-A69F-48B3-911F-5C3536ECA88F}.Debug|Any CPU.Build.0 = Debug|Any CPU
		{64264F48-A69F-48B3-911F-5C3536ECA88F}.Debug|x64.ActiveCfg = Debug|Any CPU
		{64264F48-A69F-48B3-911F-5C3536ECA88F}.Debug|x64.Build.0 = Debug|Any CPU
		{64264F48-A69F-48B3-911F-5C3536ECA88F}.Debug|x86.ActiveCfg = Debug|Any CPU
		{64264F48-A69F-48B3-911F-5C3536ECA88F}.Debug|x86.Build.0 = Debug|Any CPU
		{64264F48-A69F-48B3-911F-5C3536ECA88F}.Release|Any CPU.ActiveCfg = Release|Any CPU
		{64264F48-A69F-48B3-911F-5C3536ECA88F}.Release|Any CPU.Build.0 = Release|Any CPU
		{64264F48-A69F-48B3-911F-5C3536ECA88F}.Release|x64.ActiveCfg = Release|Any CPU
		{64264F48-A69F-48B3-911F-5C3536ECA88F}.Release|x64.Build.0 = Release|Any CPU
		{64264F48-A69F-48B3-911F-5C3536ECA88F}.Release|x86.ActiveCfg = Release|Any CPU
		{64264F48-A69F-48B3-911F-5C3536ECA88F}.Release|x86.Build.0 = Release|Any CPU
		{FF196F5A-D8A4-45D1-9EC8-A4A1EABEBC52}.Debug|Any CPU.ActiveCfg = Debug|Any CPU
		{FF196F5A-D8A4-45D1-9EC8-A4A1EABEBC52}.Debug|Any CPU.Build.0 = Debug|Any CPU
		{FF196F5A-D8A4-45D1-9EC8-A4A1EABEBC52}.Debug|x64.ActiveCfg = Debug|Any CPU
		{FF196F5A-D8A4-45D1-9EC8-A4A1EABEBC52}.Debug|x64.Build.0 = Debug|Any CPU
		{FF196F5A-D8A4-45D1-9EC8-A4A1EABEBC52}.Debug|x86.ActiveCfg = Debug|Any CPU
		{FF196F5A-D8A4-45D1-9EC8-A4A1EABEBC52}.Debug|x86.Build.0 = Debug|Any CPU
		{FF196F5A-D8A4-45D1-9EC8-A4A1EABEBC52}.Release|Any CPU.ActiveCfg = Release|Any CPU
		{FF196F5A-D8A4-45D1-9EC8-A4A1EABEBC52}.Release|Any CPU.Build.0 = Release|Any CPU
		{FF196F5A-D8A4-45D1-9EC8-A4A1EABEBC52}.Release|x64.ActiveCfg = Release|Any CPU
		{FF196F5A-D8A4-45D1-9EC8-A4A1EABEBC52}.Release|x64.Build.0 = Release|Any CPU
		{FF196F5A-D8A4-45D1-9EC8-A4A1EABEBC52}.Release|x86.ActiveCfg = Release|Any CPU
		{FF196F5A-D8A4-45D1-9EC8-A4A1EABEBC52}.Release|x86.Build.0 = Release|Any CPU
	EndGlobalSection
	GlobalSection(SolutionProperties) = preSolution
		HideSolutionNode = FALSE
	EndGlobalSection
	GlobalSection(NestedProjects) = preSolution
		{4E438BDC-0B4C-4A28-BD1B-932F83D5A107} = {809F86A1-1C4C-B159-0CD4-DF9D33D876CE}
		{A3F2B397-E09D-49D4-AE60-D52D7F84B42F} = {0AB3BF05-4346-4AA6-1389-037BE0695223}
		{D03E700D-F534-4528-BAC1-BDF044E61C24} = {809F86A1-1C4C-B159-0CD4-DF9D33D876CE}
		{E01162CE-031A-40AA-B37F-CF0814F8A279} = {0AB3BF05-4346-4AA6-1389-037BE0695223}
		{662098A2-770E-4836-8B4E-ECB651150EAA} = {809F86A1-1C4C-B159-0CD4-DF9D33D876CE}
		{C3271532-556F-4D9C-811E-AFCB741A52FB} = {0AB3BF05-4346-4AA6-1389-037BE0695223}
		{C65F066A-C614-4344-B332-74A263EEDAB8} = {809F86A1-1C4C-B159-0CD4-DF9D33D876CE}
		{69C8321E-9246-4C4B-BF86-41241D343551} = {0AB3BF05-4346-4AA6-1389-037BE0695223}
		{DD7A1869-21EA-474C-AD8A-52A09FE11532} = {66320409-64EC-F7C5-3DEF-65E7510DAAD1}
		{E007A625-604A-4675-ACD2-ECEC84C6D4E3} = {809F86A1-1C4C-B159-0CD4-DF9D33D876CE}
		{FEAABE7D-A8C0-4E0C-ACB0-03AF6BFC4AE4} = {0AB3BF05-4346-4AA6-1389-037BE0695223}
		{23E306BD-36CB-47A6-B1F2-83F8002EABA4} = {F883AD26-E2D9-0064-49F2-B333EF800629}
		{6D6753B3-99A1-4099-B38A-B05CBE90C31D} = {0AB3BF05-4346-4AA6-1389-037BE0695223}
		{5CCE4C4A-B22C-4A7A-8083-3FDE473CF898} = {0AB3BF05-4346-4AA6-1389-037BE0695223}
		{C6A80EBE-1A6D-40AC-94A6-2CF6BC45D09A} = {809F86A1-1C4C-B159-0CD4-DF9D33D876CE}
		{D3DE9823-47C0-4F42-84F2-FB6196D5A220} = {0AB3BF05-4346-4AA6-1389-037BE0695223}
		{24716B59-344F-4680-8E03-62E6811519F7} = {809F86A1-1C4C-B159-0CD4-DF9D33D876CE}
		{2935051D-EE1B-4909-A0C8-4574F1B65D6C} = {0AB3BF05-4346-4AA6-1389-037BE0695223}
		{61E1971B-46EF-41D1-B158-60A23805D60E} = {809F86A1-1C4C-B159-0CD4-DF9D33D876CE}
		{B09827DB-BB44-4398-B78F-E14EEA809CBD} = {0AB3BF05-4346-4AA6-1389-037BE0695223}
		{1C98D8C3-171A-40AE-B4ED-268D16746758} = {809F86A1-1C4C-B159-0CD4-DF9D33D876CE}
		{1D3BA252-A706-43C1-839C-390AE13F6C28} = {0AB3BF05-4346-4AA6-1389-037BE0695223}
		{AF2D4EB4-B64E-4D38-A39B-EBA9B852EEF1} = {809F86A1-1C4C-B159-0CD4-DF9D33D876CE}
		{3F9D2809-9332-49CB-AA30-657F012C04D9} = {0AB3BF05-4346-4AA6-1389-037BE0695223}
		{C15D8C58-EF8D-4798-86A6-F111303B74F7} = {809F86A1-1C4C-B159-0CD4-DF9D33D876CE}
		{CA86A748-5E07-454A-BE9F-8098936E9C0A} = {0AB3BF05-4346-4AA6-1389-037BE0695223}
		{00C10A49-62C1-45CD-92CB-3AFBF34D9864} = {809F86A1-1C4C-B159-0CD4-DF9D33D876CE}
		{942B071F-4A66-45E3-9722-9999FFD39D74} = {0AB3BF05-4346-4AA6-1389-037BE0695223}
		{9398E927-3225-4B4C-833D-5A2ADCF05E6C} = {809F86A1-1C4C-B159-0CD4-DF9D33D876CE}
		{660F7708-E304-470A-BE9D-BB9CE1A9FD0F} = {809F86A1-1C4C-B159-0CD4-DF9D33D876CE}
		{FA6E5E61-B0CE-48DB-97BC-690134B9823E} = {0AB3BF05-4346-4AA6-1389-037BE0695223}
		{54D3883F-126A-4241-8AF7-9FE95EB22E05} = {07C2787E-EAC7-C090-1BA3-A61EC2A24D84}
		{BFB289E7-2C66-4838-95EC-9AA789BA5E4B} = {0AB3BF05-4346-4AA6-1389-037BE0695223}
		{22A7F415-D2B7-485F-82C0-7F64F277113D} = {809F86A1-1C4C-B159-0CD4-DF9D33D876CE}
		{508953A9-5763-4B46-A013-73F29F0CA085} = {0AB3BF05-4346-4AA6-1389-037BE0695223}
		{63001845-F50D-41C9-9226-B1ED2FC0421D} = {0AB3BF05-4346-4AA6-1389-037BE0695223}
		{E6823688-EF14-4978-BA2E-DC62B7FB1CB3} = {809F86A1-1C4C-B159-0CD4-DF9D33D876CE}
		{D80987F9-BABC-4BA3-9C62-CA8C22248D3B} = {0AB3BF05-4346-4AA6-1389-037BE0695223}
		{515E4190-8701-4A9D-80A6-459027068274} = {809F86A1-1C4C-B159-0CD4-DF9D33D876CE}
		{AAC00EC2-FF29-4284-9553-FD4E5265C504} = {0AB3BF05-4346-4AA6-1389-037BE0695223}
		{6F8874BA-B6A1-4B0A-9E54-4AB2817F8ED5} = {809F86A1-1C4C-B159-0CD4-DF9D33D876CE}
		{74BC3CD6-452C-40BB-A225-9D430138979D} = {0AB3BF05-4346-4AA6-1389-037BE0695223}
		{64264F48-A69F-48B3-911F-5C3536ECA88F} = {809F86A1-1C4C-B159-0CD4-DF9D33D876CE}
		{FF196F5A-D8A4-45D1-9EC8-A4A1EABEBC52} = {0AB3BF05-4346-4AA6-1389-037BE0695223}
	EndGlobalSection
EndGlobal
