
Microsoft Visual Studio Solution File, Format Version 12.00
# Visual Studio Version 17
Project("{FAE04EC0-301F-11D3-BF4B-00C04F79EFBC}") = "CorPay.AppHost", "src\CorPay.AppHost\CorPay.AppHost.csproj", "{A1000000-0000-0000-0000-000000000001}"
EndProject
Project("{FAE04EC0-301F-11D3-BF4B-00C04F79EFBC}") = "CorPay.Api", "src\CorPay.Api\CorPay.Api.csproj", "{A1000000-0000-0000-0000-000000000002}"
EndProject
Project("{FAE04EC0-301F-11D3-BF4B-00C04F79EFBC}") = "CorPay.SmokeTests", "tests\CorPay.SmokeTests\CorPay.SmokeTests.csproj", "{A1000000-0000-0000-0000-000000000003}"
EndProject
Project("{2150E333-8FDC-42A3-9474-1A3956D46DE8}") = "src", "src", "{827E0CD3-B72D-47B6-A68D-7590B98EB39B}"
EndProject
Project("{FAE04EC0-301F-11D3-BF4B-00C04F79EFBC}") = "CorPay.PaymentsWorker", "src\CorPay.PaymentsWorker\CorPay.PaymentsWorker.csproj", "{0486BB36-FEB0-46A7-8F20-A8F76F2FC9BD}"
EndProject
Project("{FAE04EC0-301F-11D3-BF4B-00C04F79EFBC}") = "CorPay.EodWorker", "src\CorPay.EodWorker\CorPay.EodWorker.csproj", "{2B46DB7F-364A-41DF-8553-43F389D347D9}"
EndProject
Global
	GlobalSection(SolutionConfigurationPlatforms) = preSolution
		Debug|Any CPU = Debug|Any CPU
		Debug|x64 = Debug|x64
		Debug|x86 = Debug|x86
		Release|Any CPU = Release|Any CPU
		Release|x64 = Release|x64
		Release|x86 = Release|x86
	EndGlobalSection
	GlobalSection(ProjectConfigurationPlatforms) = postSolution
		{A1000000-0000-0000-0000-000000000001}.Debug|Any CPU.ActiveCfg = Debug|Any CPU
		{A1000000-0000-0000-0000-000000000001}.Debug|Any CPU.Build.0 = Debug|Any CPU
		{A1000000-0000-0000-0000-000000000001}.Debug|x64.ActiveCfg = Debug|Any CPU
		{A1000000-0000-0000-0000-000000000001}.Debug|x64.Build.0 = Debug|Any CPU
		{A1000000-0000-0000-0000-000000000001}.Debug|x86.ActiveCfg = Debug|Any CPU
		{A1000000-0000-0000-0000-000000000001}.Debug|x86.Build.0 = Debug|Any CPU
		{A1000000-0000-0000-0000-000000000001}.Release|Any CPU.ActiveCfg = Release|Any CPU
		{A1000000-0000-0000-0000-000000000001}.Release|Any CPU.Build.0 = Release|Any CPU
		{A1000000-0000-0000-0000-000000000001}.Release|x64.ActiveCfg = Release|Any CPU
		{A1000000-0000-0000-0000-000000000001}.Release|x64.Build.0 = Release|Any CPU
		{A1000000-0000-0000-0000-000000000001}.Release|x86.ActiveCfg = Release|Any CPU
		{A1000000-0000-0000-0000-000000000001}.Release|x86.Build.0 = Release|Any CPU
		{A1000000-0000-0000-0000-000000000002}.Debug|Any CPU.ActiveCfg = Debug|Any CPU
		{A1000000-0000-0000-0000-000000000002}.Debug|Any CPU.Build.0 = Debug|Any CPU
		{A1000000-0000-0000-0000-000000000002}.Debug|x64.ActiveCfg = Debug|Any CPU
		{A1000000-0000-0000-0000-000000000002}.Debug|x64.Build.0 = Debug|Any CPU
		{A1000000-0000-0000-0000-000000000002}.Debug|x86.ActiveCfg = Debug|Any CPU
		{A1000000-0000-0000-0000-000000000002}.Debug|x86.Build.0 = Debug|Any CPU
		{A1000000-0000-0000-0000-000000000002}.Release|Any CPU.ActiveCfg = Release|Any CPU
		{A1000000-0000-0000-0000-000000000002}.Release|Any CPU.Build.0 = Release|Any CPU
		{A1000000-0000-0000-0000-000000000002}.Release|x64.ActiveCfg = Release|Any CPU
		{A1000000-0000-0000-0000-000000000002}.Release|x64.Build.0 = Release|Any CPU
		{A1000000-0000-0000-0000-000000000002}.Release|x86.ActiveCfg = Release|Any CPU
		{A1000000-0000-0000-0000-000000000002}.Release|x86.Build.0 = Release|Any CPU
		{A1000000-0000-0000-0000-000000000003}.Debug|Any CPU.ActiveCfg = Debug|Any CPU
		{A1000000-0000-0000-0000-000000000003}.Debug|Any CPU.Build.0 = Debug|Any CPU
		{A1000000-0000-0000-0000-000000000003}.Debug|x64.ActiveCfg = Debug|Any CPU
		{A1000000-0000-0000-0000-000000000003}.Debug|x64.Build.0 = Debug|Any CPU
		{A1000000-0000-0000-0000-000000000003}.Debug|x86.ActiveCfg = Debug|Any CPU
		{A1000000-0000-0000-0000-000000000003}.Debug|x86.Build.0 = Debug|Any CPU
		{A1000000-0000-0000-0000-000000000003}.Release|Any CPU.ActiveCfg = Release|Any CPU
		{A1000000-0000-0000-0000-000000000003}.Release|Any CPU.Build.0 = Release|Any CPU
		{A1000000-0000-0000-0000-000000000003}.Release|x64.ActiveCfg = Release|Any CPU
		{A1000000-0000-0000-0000-000000000003}.Release|x64.Build.0 = Release|Any CPU
		{A1000000-0000-0000-0000-000000000003}.Release|x86.ActiveCfg = Release|Any CPU
		{A1000000-0000-0000-0000-000000000003}.Release|x86.Build.0 = Release|Any CPU
		{0486BB36-FEB0-46A7-8F20-A8F76F2FC9BD}.Debug|Any CPU.ActiveCfg = Debug|Any CPU
		{0486BB36-FEB0-46A7-8F20-A8F76F2FC9BD}.Debug|Any CPU.Build.0 = Debug|Any CPU
		{0486BB36-FEB0-46A7-8F20-A8F76F2FC9BD}.Debug|x64.ActiveCfg = Debug|Any CPU
		{0486BB36-FEB0-46A7-8F20-A8F76F2FC9BD}.Debug|x64.Build.0 = Debug|Any CPU
		{0486BB36-FEB0-46A7-8F20-A8F76F2FC9BD}.Debug|x86.ActiveCfg = Debug|Any CPU
		{0486BB36-FEB0-46A7-8F20-A8F76F2FC9BD}.Debug|x86.Build.0 = Debug|Any CPU
		{0486BB36-FEB0-46A7-8F20-A8F76F2FC9BD}.Release|Any CPU.ActiveCfg = Release|Any CPU
		{0486BB36-FEB0-46A7-8F20-A8F76F2FC9BD}.Release|Any CPU.Build.0 = Release|Any CPU
		{0486BB36-FEB0-46A7-8F20-A8F76F2FC9BD}.Release|x64.ActiveCfg = Release|Any CPU
		{0486BB36-FEB0-46A7-8F20-A8F76F2FC9BD}.Release|x64.Build.0 = Release|Any CPU
		{0486BB36-FEB0-46A7-8F20-A8F76F2FC9BD}.Release|x86.ActiveCfg = Release|Any CPU
		{0486BB36-FEB0-46A7-8F20-A8F76F2FC9BD}.Release|x86.Build.0 = Release|Any CPU
		{2B46DB7F-364A-41DF-8553-43F389D347D9}.Debug|Any CPU.ActiveCfg = Debug|Any CPU
		{2B46DB7F-364A-41DF-8553-43F389D347D9}.Debug|Any CPU.Build.0 = Debug|Any CPU
		{2B46DB7F-364A-41DF-8553-43F389D347D9}.Debug|x64.ActiveCfg = Debug|Any CPU
		{2B46DB7F-364A-41DF-8553-43F389D347D9}.Debug|x64.Build.0 = Debug|Any CPU
		{2B46DB7F-364A-41DF-8553-43F389D347D9}.Debug|x86.ActiveCfg = Debug|Any CPU
		{2B46DB7F-364A-41DF-8553-43F389D347D9}.Debug|x86.Build.0 = Debug|Any CPU
		{2B46DB7F-364A-41DF-8553-43F389D347D9}.Release|Any CPU.ActiveCfg = Release|Any CPU
		{2B46DB7F-364A-41DF-8553-43F389D347D9}.Release|Any CPU.Build.0 = Release|Any CPU
		{2B46DB7F-364A-41DF-8553-43F389D347D9}.Release|x64.ActiveCfg = Release|Any CPU
		{2B46DB7F-364A-41DF-8553-43F389D347D9}.Release|x64.Build.0 = Release|Any CPU
		{2B46DB7F-364A-41DF-8553-43F389D347D9}.Release|x86.ActiveCfg = Release|Any CPU
		{2B46DB7F-364A-41DF-8553-43F389D347D9}.Release|x86.Build.0 = Release|Any CPU
	EndGlobalSection
	GlobalSection(SolutionProperties) = preSolution
		HideSolutionNode = FALSE
	EndGlobalSection
	GlobalSection(NestedProjects) = preSolution
		{0486BB36-FEB0-46A7-8F20-A8F76F2FC9BD} = {827E0CD3-B72D-47B6-A68D-7590B98EB39B}
		{2B46DB7F-364A-41DF-8553-43F389D347D9} = {827E0CD3-B72D-47B6-A68D-7590B98EB39B}
	EndGlobalSection
EndGlobal
